# This file is autogenerated, do not edit; changes may be undone by the next 'dep ensure'.


[[projects]]
  digest = "1:ed77032e4241e3b8329c9304d66452ed196e795876e14be677a546f36b94e67a"
  name = "github.com/DataDog/zstd"
  packages = ["."]
  pruneopts = "UT"
  revision = "c7161f8c63c045cbc7ca051dcc969dd0e4054de2"
  version = "v1.3.5"

[[projects]]
  digest = "1:28917d5a3f5e53a4c8a4035195c022649c66a4d71d6357a2276cd347945bd527"
  name = "github.com/Shopify/sarama"
  packages = ["."]
  pruneopts = "UT"
  revision = "03a43f93cd29dc549e6d9b11892795c206f9c38c"
  version = "v1.20.1"

[[projects]]
  digest = "1:ffe9824d294da03b391f44e1ae8281281b4afc1bdaa9588c9097785e3af10cec"
  name = "github.com/davecgh/go-spew"
  packages = ["spew"]
  pruneopts = "UT"
  revision = "8991bc29aa16c548c550c7ff78260e27b9ab7c73"
  version = "v1.1.1"

[[projects]]
  digest = "1:1f0c7ab489b407a7f8f9ad16c25a504d28ab461517a971d341388a56156c1bd7"
  name = "github.com/eapache/go-resiliency"
  packages = ["breaker"]
  pruneopts = "UT"
  revision = "ea41b0fad31007accc7f806884dcdf3da98b79ce"
  version = "v1.1.0"

[[projects]]
  branch = "master"
  digest = "1:79f16588b5576b1b3cd90e48d2374cc9a1a8776862d28d8fd0f23b0e15534967"
  name = "github.com/eapache/go-xerial-snappy"
  packages = ["."]
  pruneopts = "UT"
  revision = "776d5712da21bc4762676d614db1d8a64f4238b0"

[[projects]]
  digest = "1:444b82bfe35c83bbcaf84e310fb81a1f9ece03edfed586483c869e2c046aef69"
  name = "github.com/eapache/queue"
  packages = ["."]
  pruneopts = "UT"
  revision = "44cc805cf13205b55f69e14bcb69867d1ae92f98"
  version = "v1.1.0"

[[projects]]
  branch = "master"
  digest = "1:a1643633dad88bb3817f7b4cc1be662608fcc7393efacbb6da0e6735dadd4362"
  name = "github.com/farukterzioglu/micGo-services"
  packages = [
    "Review.CommandRpcServer/reviewservice",
    "Review.Domain/Commands/V1",
    "Review.Domain/Models",
  ]
  pruneopts = "UT"
  revision = "bf7f413412a99882681cc21f68ab981e671123d2"

[[projects]]
  digest = "1:3c4c08c15ef4e018a5d50fdab6a2485d54f97d8ee82acefc2367a9d86289bfee"
  name = "github.com/go-kit/kit"
  packages = ["log"]
  pruneopts = "UT"
  revision = "12210fb6ace19e0496167bb3e667dcd91fa9f69b"
  version = "v0.8.0"

[[projects]]
  digest = "1:4062bc6de62d73e2be342243cf138cf499b34d558876db8d9430e2149388a4d8"
  name = "github.com/go-logfmt/logfmt"
  packages = ["."]
  pruneopts = "UT"
  revision = "07c9b44f60d7ffdfb7d8efe1ad539965737836dc"
  version = "v0.4.0"

[[projects]]
  digest = "1:4c0989ca0bcd10799064318923b9bc2db6b4d6338dd75f3f2d86c3511aaaf5cf"
  name = "github.com/golang/protobuf"
  packages = [
    "proto",
    "ptypes",
    "ptypes/any",
    "ptypes/duration",
    "ptypes/timestamp",
  ]
  pruneopts = "UT"
  revision = "aa810b61a9c79d51363740d207bb46cf8e620ed5"
  version = "v1.2.0"

[[projects]]
  digest = "1:e4f5819333ac698d294fe04dbf640f84719658d5c7ce195b10060cc37292ce79"
  name = "github.com/golang/snappy"
  packages = ["."]
  pruneopts = "UT"
  revision = "2a8bb927dd31d8daada140a5d09578521ce5c36a"
  version = "v0.0.1"

[[projects]]
  digest = "1:236d7e1bdb50d8f68559af37dbcf9d142d56b431c9b2176d41e2a009b664cda8"
  name = "github.com/google/uuid"
  packages = ["."]
  pruneopts = "UT"
  revision = "9b3b1e0f5f99ae461456d768e7d301a7acdaa2d8"
  version = "v1.1.0"

[[projects]]
  digest = "1:ca59b1175189b3f0e9f1793d2c350114be36eaabbe5b9f554b35edee1de50aea"
  name = "github.com/gorilla/mux"
  packages = ["."]
  pruneopts = "UT"
  revision = "a7962380ca08b5a188038c69871b8d3fbdf31e89"
  version = "v1.7.0"

[[projects]]
  branch = "master"
  digest = "1:a64e323dc06b73892e5bb5d040ced475c4645d456038333883f58934abbf6f72"
  name = "github.com/kr/logfmt"
  packages = ["."]
  pruneopts = "UT"
  revision = "b84e30acd515aadc4b783ad4ff83aff3299bdfe0"

[[projects]]
  digest = "1:c7a5e79396b6eb570159df7a1d487ce5775bf43b7907976fbef6de544ea160ad"
  name = "github.com/pierrec/lz4"
  packages = [
    ".",
    "internal/xxh32",
  ]
  pruneopts = "UT"
  revision = "473cd7ce01a1113208073166464b98819526150e"
  version = "v2.0.8"

[[projects]]
  branch = "master"
  digest = "1:d38f81081a389f1466ec98192cf9115a82158854d6f01e1c23e2e7554b97db71"
  name = "github.com/rcrowley/go-metrics"
  packages = ["."]
  pruneopts = "UT"
  revision = "3113b8401b8a98917cde58f8bbd42a1b1c03b1fd"

[[projects]]
  branch = "master"
  digest = "1:cd17bc5dbd6ff6bd147dcd4712d423c1808f529c77c879c34df6b20b7501562b"
  name = "golang.org/x/net"
  packages = [
    "http/httpguts",
    "http2",
    "http2/hpack",
    "idna",
    "internal/timeseries",
    "trace",
  ]
  pruneopts = "UT"
  revision = "3a22650c66bd7f4fb6d1e8072ffd7b75c8a27898"

[[projects]]
  branch = "master"
  digest = "1:8207c052fb873f83c61a5aa16f6add5feb9881eda2112b56f69fd3b9e7f55c3f"
  name = "golang.org/x/sys"
  packages = ["unix"]
  pruneopts = "UT"
  revision = "b4e8571b14e03cc164df06f72b640ebce3899579"

[[projects]]
  digest = "1:a2ab62866c75542dd18d2b069fec854577a20211d7c0ea6ae746072a1dccdd18"
  name = "golang.org/x/text"
  packages = [
    "collate",
    "collate/build",
    "internal/colltab",
    "internal/gen",
    "internal/tag",
    "internal/triegen",
    "internal/ucd",
    "language",
    "secure/bidirule",
    "transform",
    "unicode/bidi",
    "unicode/cldr",
    "unicode/norm",
    "unicode/rangetable",
  ]
  pruneopts = "UT"
  revision = "f21a4dfb5e38f5895301dc265a8def02365cc3d0"
  version = "v0.3.0"

[[projects]]
  branch = "master"
  digest = "1:077c1c599507b3b3e9156d17d36e1e61928ee9b53a5b420f10f28ebd4a0b275c"
  name = "google.golang.org/genproto"
  packages = ["googleapis/rpc/status"]
  pruneopts = "UT"
  revision = "082222b4a5c572e33e82ee9162d1352c7cf38682"

[[projects]]
  digest = "1:9ab5a33d8cb5c120602a34d2e985ce17956a4e8c2edce7e6961568f95e40c09a"
  name = "google.golang.org/grpc"
  packages = [
    ".",
    "balancer",
    "balancer/base",
    "balancer/roundrobin",
    "binarylog/grpc_binarylog_v1",
    "codes",
    "connectivity",
    "credentials",
    "credentials/internal",
    "encoding",
    "encoding/proto",
    "grpclog",
    "internal",
    "internal/backoff",
    "internal/binarylog",
    "internal/channelz",
    "internal/envconfig",
    "internal/grpcrand",
    "internal/grpcsync",
    "internal/syscall",
    "internal/transport",
    "keepalive",
    "metadata",
    "naming",
    "peer",
    "resolver",
    "resolver/dns",
    "resolver/passthrough",
    "stats",
    "status",
    "tap",
  ]
  pruneopts = "UT"
  revision = "a02b0774206b209466313a0b525d2c738fe407eb"
  version = "v1.18.0"

[solve-meta]
  analyzer-name = "dep"
  analyzer-version = 1
  input-imports = [
    "github.com/Shopify/sarama",
    "github.com/farukterzioglu/micGo-services/Review.CommandRpcServer/reviewservice",
    "github.com/farukterzioglu/micGo-services/Review.Domain/Commands/V1",
    "github.com/farukterzioglu/micGo-services/Review.Domain/Models",
    "github.com/go-kit/kit/log",
    "github.com/google/uuid",
    "github.com/gorilla/mux",
    "google.golang.org/grpc",
  ]
  solver-name = "gps-cdcl"
  solver-version = 1
